
Microsoft Visual Studio Solution File, Format Version 12.00
# Visual Studio Version 16
VisualStudioVersion = 16.0.33927.289
MinimumVisualStudioVersion = 10.0.40219.1
Project("{FAE04EC0-301F-11D3-BF4B-00C04F79EFBC}") = "Dolgozok_KB", "Dolgozok_KB\Dolgozok_KB.csproj", "{3589C124-3B2A-497D-A031-65E9B62444B4}"
EndProject
Project("{FAE04EC0-301F-11D3-BF4B-00C04F79EFBC}") = "GUI_dolgozok", "GUI_dolgozok\GUI_dolgozok.csproj", "{4E05F426-E6AC-48BD-B86A-A9F3413B4BC1}"
EndProject
Global
	GlobalSection(SolutionConfigurationPlatforms) = preSolution
		Debug|Any CPU = Debug|Any CPU
		Release|Any CPU = Release|Any CPU
	EndGlobalSection
	GlobalSection(ProjectConfigurationPlatforms) = postSolution
		{3589C124-3B2A-497D-A031-65E9B62444B4}.Debug|Any CPU.ActiveCfg = Debug|Any CPU
		{3589C124-3B2A-497D-A031-65E9B62444B4}.Debug|Any CPU.Build.0 = Debug|Any CPU
		{3589C124-3B2A-497D-A031-65E9B62444B4}.Release|Any CPU.ActiveCfg = Release|Any CPU
		{3589C124-3B2A-497D-A031-65E9B62444B4}.Release|Any CPU.Build.0 = Release|Any CPU
		{4E05F426-E6AC-48BD-B86A-A9F3413B4BC1}.Debug|Any CPU.ActiveCfg = Debug|Any CPU
		{4E05F426-E6AC-48BD-B86A-A9F3413B4BC1}.Debug|Any CPU.Build.0 = Debug|Any CPU
		{4E05F426-E6AC-48BD-B86A-A9F3413B4BC1}.Release|Any CPU.ActiveCfg = Release|Any CPU
		{4E05F426-E6AC-48BD-B86A-A9F3413B4BC1}.Release|Any CPU.Build.0 = Release|Any CPU
	EndGlobalSection
	GlobalSection(SolutionProperties) = preSolution
		HideSolutionNode = FALSE
	EndGlobalSection
	GlobalSection(ExtensibilityGlobals) = postSolution
		SolutionGuid = {622511E8-0E3D-4E2D-A77A-B2B242C6088C}
	EndGlobalSection
EndGlobal
